Microsoft Visual Studio Solution File, Format Version 12.00
# Visual Studio Version 17
VisualStudioVersion = 17.5.2.0
MinimumVisualStudioVersion = 10.0.40219.1
Project("{FAE04EC0-301F-11D3-BF4B-00C04F79EFBC}") = "BTL-AES", "BTL-AES.csproj", "{6548D36E-3431-A636-FDA5-AD72E8568E7A}"
EndProject
Global
	GlobalSection(SolutionConfigurationPlatforms) = preSolution
		Debug|Any CPU = Debug|Any CPU
		Release|Any CPU = Release|Any CPU
	EndGlobalSection
	GlobalSection(ProjectConfigurationPlatforms) = postSolution
		{6548D36E-3431-A636-FDA5-AD72E8568E7A}.Debug|Any CPU.ActiveCfg = Debug|Any CPU
		{6548D36E-3431-A636-FDA5-AD72E8568E7A}.Debug|Any CPU.Build.0 = Debug|Any CPU
		{6548D36E-3431-A636-FDA5-AD72E8568E7A}.Release|Any CPU.ActiveCfg = Release|Any CPU
		{6548D36E-3431-A636-FDA5-AD72E8568E7A}.Release|Any CPU.Build.0 = Release|Any CPU
	EndGlobalSection
	GlobalSection(SolutionProperties) = preSolution
		HideSolutionNode = FALSE
	EndGlobalSection
	GlobalSection(ExtensibilityGlobals) = postSolution
		SolutionGuid = {A03A5B58-F1D3-4F71-9847-9CCAF4F6DB58}
	EndGlobalSection
EndGlobal
